lockfile_version: '1'
generated_at: '2026-07-07T12:24:17.772327+00:00'
apm_version: 0.21.0
dependencies:
- repo_url: anthropics/skills
  host: github.com
  resolved_commit: 9d2f1ae187231d8199c64b5b762e1bdf2244733d
  virtual_path: skills/frontend-design
  is_virtual: true
  package_type: claude_skill
  deployed_files:
  - .agents/skills/frontend-design
  - .agents/skills/frontend-design/LICENSE.txt
  - .agents/skills/frontend-design/SKILL.md
  deployed_file_hashes:
    .agents/skills/frontend-design/LICENSE.txt: sha256:0d542e0c8804e39aa7f37eb00da5a762149dc682d7829451287e11b938e94594
    .agents/skills/frontend-design/SKILL.md: sha256:1608ea77fbb6fc30d13a97d12cfa8ebf31358d40f0dd97beed24829d6b3f45dd
  content_hash: sha256:4eabc66183767153e404b39d1b839b1c37f2d82d86f0a0d7e880a579d8d62336
- repo_url: webmaxru/ai-native-dev
  host: github.com
  resolved_commit: cfa1166bffed12f0302ea381c459e4fe322e524e
  resolved_ref: main
  virtual_path: prompts/seo-and-agent-readiness.prompt.md
  is_virtual: true
  deployed_files:
  - .github/prompts/seo-and-agent-readiness.prompt.md
  deployed_file_hashes:
    .github/prompts/seo-and-agent-readiness.prompt.md: sha256:4bcaebc8aba4d22b78a3eaf938a377e42794c43cfd67934e8c7614107d752148
  content_hash: sha256:99eeca3b1d7f2b3ea961562c65f9b693370ba5f48c79341c655f5c0617509cce
- repo_url: webmaxru/ai-native-dev
  host: github.com
  resolved_commit: 8deedfd0f133de32f43d8e4171ac2e5ef38cff51
  virtual_path: skills/agent-package-manager
  is_virtual: true
  package_type: claude_skill
  deployed_files:
  - .agents/skills/agent-package-manager
  - .agents/skills/agent-package-manager/SKILL.md
  - .agents/skills/agent-package-manager/assets/apm.yml.template
  - .agents/skills/agent-package-manager/references/command-workflows.md
  - .agents/skills/agent-package-manager/references/manifest-and-lockfile.md
  - .agents/skills/agent-package-manager/references/troubleshooting.md
  deployed_file_hashes:
    .agents/skills/agent-package-manager/SKILL.md: sha256:2aca5d8bb60bd5d3fbcd98d2fd036b1f0aa0caf9bb4a4e7eb7e749473f093618
    .agents/skills/agent-package-manager/assets/apm.yml.template: sha256:bdb996550d9bb66228d642ab7d8acc30f671605a911f8360356c8816cec96b8c
    .agents/skills/agent-package-manager/references/command-workflows.md: sha256:1786ff6e657c5c163313b3f5e4367209c44eb3e4a601245e38169e88364c256d
    .agents/skills/agent-package-manager/references/manifest-and-lockfile.md: sha256:751ba3102a04626d96cdfd0400308704e344fc7d30f9817aefc1308e0be986c8
    .agents/skills/agent-package-manager/references/troubleshooting.md: sha256:f57abc15c6c6bca5cf6f3fee02690aa68f2859fa4c58e5c8241c4e33b35e8f5f
  content_hash: sha256:6338d1772fe1fedfca979da05d61c8e74d33b1dccde1ae13a66e0308eaa9b788
- repo_url: webmaxru/cookieless-insights
  host: github.com
  resolved_commit: e74458a700fae4436d9bc79a7882990cef939f97
  virtual_path: skills/cookieless-insights
  is_virtual: true
  package_type: claude_skill
  deployed_files:
  - .agents/skills/cookieless-insights
  - .agents/skills/cookieless-insights/PROMPT.md
  - .agents/skills/cookieless-insights/SKILL.md
  deployed_file_hashes:
    .agents/skills/cookieless-insights/PROMPT.md: sha256:fc632d29a3e0719dd0f9d66a26b85cc57a689f4defbe768daf975d0cbef34dc4
    .agents/skills/cookieless-insights/SKILL.md: sha256:7da717521ac9828241497b4e9de7d4318c7ea71abfb669965f624f929d93c8cb
  content_hash: sha256:9b71019f70cc67769711ded1e1367f8e787aebb34a5e09610dbcca4eb5499b85
- repo_url: webmaxru/web-ai-agent-skills
  name: web-ai-agent-skills
  host: github.com
  resolved_commit: 5b07cef30f84fc94dc6918a2e55ae3e2c7cbc9b8
  version: unknown
  virtual_path: skills/webmcp
  is_virtual: true
  package_type: claude_skill
  deployed_files:
  - .agents/skills/webmcp
  - .agents/skills/webmcp/SKILL.md
  - .agents/skills/webmcp/assets/model-context-registry.template.ts
  - .agents/skills/webmcp/references/compatibility.md
  - .agents/skills/webmcp/references/declarative-api.md
  - .agents/skills/webmcp/references/troubleshooting.md
  - .agents/skills/webmcp/references/webmcp-reference.md
  - .agents/skills/webmcp/scripts/find-webmcp-targets.mjs
  deployed_file_hashes:
    .agents/skills/webmcp/SKILL.md: sha256:ccdff568b0316f65f81369f1991af14abf8587e197251b26556c9a8f5f9bcf0d
    .agents/skills/webmcp/assets/model-context-registry.template.ts: sha256:736efb7dec93f89875d7df1f90b4fc96c72354f5114d052b8b3ea1aaeacfab6b
    .agents/skills/webmcp/references/compatibility.md: sha256:76d4f38f17cd83faf66e675f02843a300ee39ec6948a1f0ea8ddc11fb9cedc93
    .agents/skills/webmcp/references/declarative-api.md: sha256:9d2937b284ce47e5ea61ce2a2a9beae6a649a8e91a8f9d1b85c99a53d1cae8e1
    .agents/skills/webmcp/references/troubleshooting.md: sha256:41a5483d797105b0070f0c8fac40b52a4863af6ac1d4bca88e8164197176ada7
    .agents/skills/webmcp/references/webmcp-reference.md: sha256:f16965aca0bb679255daf88969ca11db5923e384fc9b238e4fb49502cd758fce
    .agents/skills/webmcp/scripts/find-webmcp-targets.mjs: sha256:59075b57aee5f7408831e1a7b3647d3050f7bc83d0af7e268119e683d8385d4f
  content_hash: sha256:50bb4a700d38207e91072198d8180f2b877febaf6b400fc483b945eb00e61d4b
